
Microsoft Visual Studio Solution File, Format Version 12.00
# Visual Studio Version 17
VisualStudioVersion = 17.8.34330.188
MinimumVisualStudioVersion = 10.0.40219.1
Project("{FAE04EC0-301F-11D3-BF4B-00C04F79EFBC}") = "AutoRoids", "AutoRoids\AutoRoids.csproj", "{1AC6A779-AB3D-451D-AB71-B98B72EDF1D1}"
EndProject
Global
	GlobalSection(SolutionConfigurationPlatforms) = preSolution
		Debug|Any CPU = Debug|Any CPU
		Release|Any CPU = Release|Any CPU
	EndGlobalSection
	GlobalSection(ProjectConfigurationPlatforms) = postSolution
		{1AC6A779-AB3D-451D-AB71-B98B72EDF1D1}.Debug|Any CPU.ActiveCfg = Debug|Any CPU
		{1AC6A779-AB3D-451D-AB71-B98B72EDF1D1}.Debug|Any CPU.Build.0 = Debug|Any CPU
		{1AC6A779-AB3D-451D-AB71-B98B72EDF1D1}.Release|Any CPU.ActiveCfg = Release|Any CPU
		{1AC6A779-AB3D-451D-AB71-B98B72EDF1D1}.Release|Any CPU.Build.0 = Release|Any CPU
	EndGlobalSection
	GlobalSection(SolutionProperties) = preSolution
		HideSolutionNode = FALSE
	EndGlobalSection
	GlobalSection(ExtensibilityGlobals) = postSolution
		SolutionGuid = {4B9203DD-6A84-4312-8EBB-FECF14D6C9CB}
	EndGlobalSection
EndGlobal
